
Microsoft Visual Studio Solution File, Format Version 12.00
# Visual Studio Version 16
VisualStudioVersion = 16.0.28803.202
MinimumVisualStudioVersion = 10.0.40219.1
Project("{9A19103F-16F7-4668-BE54-9A1E7A4F7556}") = "EosSharp", "EosSharp\EosSharp.csproj", "{A7498DEA-BECB-49CE-9E9D-E06FDFA29E5A}"
EndProject
Project("{FAE04EC0-301F-11D3-BF4B-00C04F79EFBC}") = "EosSharp.UnitTests", "EosSharp.UnitTests\EosSharp.UnitTests.csproj", "{969C1A19-C591-4EAE-A8F3-AE39878CA2C2}"
EndProject
Project("{9A19103F-16F7-4668-BE54-9A1E7A4F7556}") = "EosSharp.Core", "EosSharp.Core\EosSharp.Core.csproj", "{7F63BFD8-AC29-419F-A532-CC6DDEEF1B46}"
EndProject
Project("{9A19103F-16F7-4668-BE54-9A1E7A4F7556}") = "EosSharp.Unity3D", "EosSharp.Unity3D\EosSharp.Unity3D.csproj", "{1A2FC066-2DCE-43DC-8E5A-6FE10505DFA9}"
EndProject
Project("{FAE04EC0-301F-11D3-BF4B-00C04F79EFBC}") = "EosSharp.UnitTests.Unity3D", "EosSharp.UnitTests.Unity3D\EosSharp.UnitTests.Unity3D.csproj", "{3F15E919-D4FA-4960-ACB2-AF5F486C1D58}"
EndProject
Project("{FAE04EC0-301F-11D3-BF4B-00C04F79EFBC}") = "EosSharp.UnitTests.Core", "EosSharp.UnitTests.Core\EosSharp.UnitTests.Core.csproj", "{FE13B07E-BBC9-4142-B653-AFFBD567C4F6}"
EndProject
Global
	GlobalSection(SolutionConfigurationPlatforms) = preSolution
		Debug|Any CPU = Debug|Any CPU
		Release|Any CPU = Release|Any CPU
	EndGlobalSection
	GlobalSection(ProjectConfigurationPlatforms) = postSolution
		{A7498DEA-BECB-49CE-9E9D-E06FDFA29E5A}.Debug|Any CPU.ActiveCfg = Debug|Any CPU
		{A7498DEA-BECB-49CE-9E9D-E06FDFA29E5A}.Debug|Any CPU.Build.0 = Debug|Any CPU
		{A7498DEA-BECB-49CE-9E9D-E06FDFA29E5A}.Release|Any CPU.ActiveCfg = Release|Any CPU
		{A7498DEA-BECB-49CE-9E9D-E06FDFA29E5A}.Release|Any CPU.Build.0 = Release|Any CPU
		{969C1A19-C591-4EAE-A8F3-AE39878CA2C2}.Debug|Any CPU.ActiveCfg = Debug|Any CPU
		{969C1A19-C591-4EAE-A8F3-AE39878CA2C2}.Debug|Any CPU.Build.0 = Debug|Any CPU
		{969C1A19-C591-4EAE-A8F3-AE39878CA2C2}.Release|Any CPU.ActiveCfg = Release|Any CPU
		{969C1A19-C591-4EAE-A8F3-AE39878CA2C2}.Release|Any CPU.Build.0 = Release|Any CPU
		{7F63BFD8-AC29-419F-A532-CC6DDEEF1B46}.Debug|Any CPU.ActiveCfg = Debug|Any CPU
		{7F63BFD8-AC29-419F-A532-CC6DDEEF1B46}.Debug|Any CPU.Build.0 = Debug|Any CPU
		{7F63BFD8-AC29-419F-A532-CC6DDEEF1B46}.Release|Any CPU.ActiveCfg = Release|Any CPU
		{7F63BFD8-AC29-419F-A532-CC6DDEEF1B46}.Release|Any CPU.Build.0 = Release|Any CPU
		{1A2FC066-2DCE-43DC-8E5A-6FE10505DFA9}.Debug|Any CPU.ActiveCfg = Debug|Any CPU
		{1A2FC066-2DCE-43DC-8E5A-6FE10505DFA9}.Debug|Any CPU.Build.0 = Debug|Any CPU
		{1A2FC066-2DCE-43DC-8E5A-6FE10505DFA9}.Release|Any CPU.ActiveCfg = Release|Any CPU
		{1A2FC066-2DCE-43DC-8E5A-6FE10505DFA9}.Release|Any CPU.Build.0 = Release|Any CPU
		{3F15E919-D4FA-4960-ACB2-AF5F486C1D58}.Debug|Any CPU.ActiveCfg = Debug|Any CPU
		{3F15E919-D4FA-4960-ACB2-AF5F486C1D58}.Debug|Any CPU.Build.0 = Debug|Any CPU
		{3F15E919-D4FA-4960-ACB2-AF5F486C1D58}.Release|Any CPU.ActiveCfg = Release|Any CPU
		{3F15E919-D4FA-4960-ACB2-AF5F486C1D58}.Release|Any CPU.Build.0 = Release|Any CPU
		{FE13B07E-BBC9-4142-B653-AFFBD567C4F6}.Debug|Any CPU.ActiveCfg = Debug|Any CPU
		{FE13B07E-BBC9-4142-B653-AFFBD567C4F6}.Debug|Any CPU.Build.0 = Debug|Any CPU
		{FE13B07E-BBC9-4142-B653-AFFBD567C4F6}.Release|Any CPU.ActiveCfg = Release|Any CPU
		{FE13B07E-BBC9-4142-B653-AFFBD567C4F6}.Release|Any CPU.Build.0 = Release|Any CPU
	EndGlobalSection
	GlobalSection(SolutionProperties) = preSolution
		HideSolutionNode = FALSE
	EndGlobalSection
	GlobalSection(ExtensibilityGlobals) = postSolution
		SolutionGuid = {C51E9EF5-EF8A-4B8D-A434-E1B6C05A89AD}
	EndGlobalSection
EndGlobal
